
Microsoft Visual Studio Solution File, Format Version 12.00
# Visual Studio Version 16
VisualStudioVersion = 16.0.31624.102
MinimumVisualStudioVersion = 10.0.40219.1
Project("{9A19103F-16F7-4668-BE54-9A1E7A4F7556}") = "FundamentosdeSoftware_ProyectoSoftwareLetiFinal", "FundamentosdeSoftware_ProyectoSoftwareLetiFinal\FundamentosdeSoftware_ProyectoSoftwareLetiFinal.csproj", "{4327DD48-1EEA-4E07-ADBB-A5BFFEA2AA7B}"
EndProject
Project("{FAE04EC0-301F-11D3-BF4B-00C04F79EFBC}") = "letyTests", "letyTests\letyTests.csproj", "{FA5C3C6B-8E83-4400-938C-5CA7490FB2EC}"
EndProject
Project("{FAE04EC0-301F-11D3-BF4B-00C04F79EFBC}") = "letyTests2", "letyTests2\letyTests2.csproj", "{09E15BCA-5B50-4466-A554-64EDFE31FB07}"
EndProject
Global
	GlobalSection(SolutionConfigurationPlatforms) = preSolution
		Debug|Any CPU = Debug|Any CPU
		Release|Any CPU = Release|Any CPU
	EndGlobalSection
	GlobalSection(ProjectConfigurationPlatforms) = postSolution
		{4327DD48-1EEA-4E07-ADBB-A5BFFEA2AA7B}.Debug|Any CPU.ActiveCfg = Debug|Any CPU
		{4327DD48-1EEA-4E07-ADBB-A5BFFEA2AA7B}.Debug|Any CPU.Build.0 = Debug|Any CPU
		{4327DD48-1EEA-4E07-ADBB-A5BFFEA2AA7B}.Release|Any CPU.ActiveCfg = Release|Any CPU
		{4327DD48-1EEA-4E07-ADBB-A5BFFEA2AA7B}.Release|Any CPU.Build.0 = Release|Any CPU
		{FA5C3C6B-8E83-4400-938C-5CA7490FB2EC}.Debug|Any CPU.ActiveCfg = Debug|Any CPU
		{FA5C3C6B-8E83-4400-938C-5CA7490FB2EC}.Debug|Any CPU.Build.0 = Debug|Any CPU
		{FA5C3C6B-8E83-4400-938C-5CA7490FB2EC}.Release|Any CPU.ActiveCfg = Release|Any CPU
		{FA5C3C6B-8E83-4400-938C-5CA7490FB2EC}.Release|Any CPU.Build.0 = Release|Any CPU
		{09E15BCA-5B50-4466-A554-64EDFE31FB07}.Debug|Any CPU.ActiveCfg = Debug|Any CPU
		{09E15BCA-5B50-4466-A554-64EDFE31FB07}.Debug|Any CPU.Build.0 = Debug|Any CPU
		{09E15BCA-5B50-4466-A554-64EDFE31FB07}.Release|Any CPU.ActiveCfg = Release|Any CPU
		{09E15BCA-5B50-4466-A554-64EDFE31FB07}.Release|Any CPU.Build.0 = Release|Any CPU
	EndGlobalSection
	GlobalSection(SolutionProperties) = preSolution
		HideSolutionNode = FALSE
	EndGlobalSection
	GlobalSection(ExtensibilityGlobals) = postSolution
		SolutionGuid = {E63059AE-BAFA-4DA3-AD1D-75D2D66CA521}
	EndGlobalSection
EndGlobal
